// !$*UTF8*$!
{
	archiveVersion = 1;
	classes = {
	};
	objectVersion = 48;
	objects = {

/* Begin PBXBuildFile section */
		D50B12211F0FEB48006B2FCE /* ClassificationService.swift in Sources */ = {isa = PBXBuildFile; fileRef = D50B12201F0FEB48006B2FCE /* ClassificationService.swift */; };
		D50B12231F0FEC00006B2FCE /* ClassificationResult.swift in Sources */ = {isa = PBXBuildFile; fileRef = D50B12221F0FEC00006B2FCE /* ClassificationResult.swift */; };
		D50B12251F1141B4006B2FCE /* FloatingPoint+Round.swift in Sources */ = {isa = PBXBuildFile; fileRef = D50B12241F1141B4006B2FCE /* FloatingPoint+Round.swift */; };
		D56EF51D1F0C4B460011E83D /* AppDelegate.swift in Sources */ = {isa = PBXBuildFile; fileRef = D56EF51C1F0C4B460011E83D /* AppDelegate.swift */; };
		D56EF51F1F0C4B460011E83D /* ViewController.swift in Sources */ = {isa = PBXBuildFile; fileRef = D56EF51E1F0C4B460011E83D /* ViewController.swift */; };
		D56EF5241F0C4B460011E83D /* Assets.xcassets in Resources */ = {isa = PBXBuildFile; fileRef = D56EF5231F0C4B460011E83D /* Assets.xcassets */; };
		D56EF5301F0C4C4B0011E83D /* LaunchScreen.storyboard in Resources */ = {isa = PBXBuildFile; fileRef = D56EF52F1F0C4C450011E83D /* LaunchScreen.storyboard */; };
		D56EF5321F0C5CA60011E83D /* NamesDT.mlmodel in Sources */ = {isa = PBXBuildFile; fileRef = D56EF5311F0C4DF60011E83D /* NamesDT.mlmodel */; };
/* End PBXBuildFile section */

/* Begin PBXFileReference section */
		D50B12201F0FEB48006B2FCE /* ClassificationService.swift */ = {isa = PBXFileReference; lastKnownFileType = sourcecode.swift; path = ClassificationService.swift; sourceTree = "<group>"; };
		D50B12221F0FEC00006B2FCE /* ClassificationResult.swift */ = {isa = PBXFileReference; lastKnownFileType = sourcecode.swift; path = ClassificationResult.swift; sourceTree = "<group>"; };
		D50B12241F1141B4006B2FCE /* FloatingPoint+Round.swift */ = {isa = PBXFileReference; lastKnownFileType = sourcecode.swift; path = "FloatingPoint+Round.swift"; sourceTree = "<group>"; };
		D56EF5191F0C4B460011E83D /* Names.app */ = {isa = PBXFileReference; explicitFileType = wrapper.application; includeInIndex = 0; path = Names.app; sourceTree = BUILT_PRODUCTS_DIR; };
		D56EF51C1F0C4B460011E83D /* AppDelegate.swift */ = {isa = PBXFileReference; lastKnownFileType = sourcecode.swift; path = AppDelegate.swift; sourceTree = "<group>"; };
		D56EF51E1F0C4B460011E83D /* ViewController.swift */ = {isa = PBXFileReference; lastKnownFileType = sourcecode.swift; path = ViewController.swift; sourceTree = "<group>"; };
		D56EF5231F0C4B460011E83D /* Assets.xcassets */ = {isa = PBXFileReference; lastKnownFileType = folder.assetcatalog; path = Assets.xcassets; sourceTree = "<group>"; };
		D56EF5281F0C4B460011E83D /* Info.plist */ = {isa = PBXFileReference; lastKnownFileType = text.plist.xml; path = Info.plist; sourceTree = "<group>"; };
		D56EF52F1F0C4C450011E83D /* LaunchScreen.storyboard */ = {isa = PBXFileReference; lastKnownFileType = file.storyboard; path = LaunchScreen.storyboard; sourceTree = "<group>"; };
		D56EF5311F0C4DF60011E83D /* NamesDT.mlmodel */ = {isa = PBXFileReference; lastKnownFileType = file.mlmodel; path = NamesDT.mlmodel; sourceTree = "<group>"; };
/* End PBXFileReference section */

/* Begin PBXFrameworksBuildPhase section */
		D56EF5161F0C4B460011E83D /* Frameworks */ = {
			isa = PBXFrameworksBuildPhase;
			buildActionMask = 2147483647;
			files = (
			);
			runOnlyForDeploymentPostprocessing = 0;
		};
/* End PBXFrameworksBuildPhase section */

/* Begin PBXGroup section */
		D56EF5101F0C4B460011E83D = {
			isa = PBXGroup;
			children = (
				D56EF51B1F0C4B460011E83D /* Names */,
				D56EF51A1F0C4B460011E83D /* Products */,
			);
			sourceTree = "<group>";
		};
		D56EF51A1F0C4B460011E83D /* Products */ = {
			isa = PBXGroup;
			children = (
				D56EF5191F0C4B460011E83D /* Names.app */,
			);
			name = Products;
			sourceTree = "<group>";
		};
		D56EF51B1F0C4B460011E83D /* Names */ = {
			isa = PBXGroup;
			children = (
				D56EF52E1F0C4B800011E83D /* Resources */,
				D56EF51C1F0C4B460011E83D /* AppDelegate.swift */,
				D56EF51E1F0C4B460011E83D /* ViewController.swift */,
				D50B12201F0FEB48006B2FCE /* ClassificationService.swift */,
				D50B12221F0FEC00006B2FCE /* ClassificationResult.swift */,
				D50B12241F1141B4006B2FCE /* FloatingPoint+Round.swift */,
			);
			path = Names;
			sourceTree = "<group>";
		};
		D56EF52E1F0C4B800011E83D /* Resources */ = {
			isa = PBXGroup;
			children = (
				D56EF5311F0C4DF60011E83D /* NamesDT.mlmodel */,
				D56EF52F1F0C4C450011E83D /* LaunchScreen.storyboard */,
				D56EF5231F0C4B460011E83D /* Assets.xcassets */,
				D56EF5281F0C4B460011E83D /* Info.plist */,
			);
			path = Resources;
			sourceTree = "<group>";
		};
/* End PBXGroup section */

/* Begin PBXNativeTarget section */
		D56EF5181F0C4B460011E83D /* Names */ = {
			isa = PBXNativeTarget;
			buildConfigurationList = D56EF52B1F0C4B460011E83D /* Build configuration list for PBXNativeTarget "Names" */;
			buildPhases = (
				D56EF5151F0C4B460011E83D /* Sources */,
				D56EF5161F0C4B460011E83D /* Frameworks */,
				D56EF5171F0C4B460011E83D /* Resources */,
			);
			buildRules = (
			);
			dependencies = (
			);
			name = Names;
			productName = Names;
			productReference = D56EF5191F0C4B460011E83D /* Names.app */;
			productType = "com.apple.product-type.application";
		};
/* End PBXNativeTarget section */

/* Begin PBXProject section */
		D56EF5111F0C4B460011E83D /* Project object */ = {
			isa = PBXProject;
			attributes = {
				LastSwiftUpdateCheck = 0900;
				LastUpgradeCheck = 0900;
				ORGANIZATIONNAME = "Vadym Markov";
				TargetAttributes = {
					D56EF5181F0C4B460011E83D = {
						CreatedOnToolsVersion = 9.0;
					};
				};
			};
			buildConfigurationList = D56EF5141F0C4B460011E83D /* Build configuration list for PBXProject "Names" */;
			compatibilityVersion = "Xcode 8.0";
			developmentRegion = en;
			hasScannedForEncodings = 0;
			knownRegions = (
				en,
				Base,
			);
			mainGroup = D56EF5101F0C4B460011E83D;
			productRefGroup = D56EF51A1F0C4B460011E83D /* Products */;
			projectDirPath = "";
			projectRoot = "";
			targets = (
				D56EF5181F0C4B460011E83D /* Names */,
			);
		};
/* End PBXProject section */

/* Begin PBXResourcesBuildPhase section */
		D56EF5171F0C4B460011E83D /* Resources */ = {
			isa = PBXResourcesBuildPhase;
			buildActionMask = 2147483647;
			files = (
				D56EF5241F0C4B460011E83D /* Assets.xcassets in Resources */,
				D56EF5301F0C4C4B0011E83D /* LaunchScreen.storyboard in Resources */,
			);
			runOnlyForDeploymentPostprocessing = 0;
		};
/* End PBXResourcesBuildPhase section */

/* Begin PBXSourcesBuildPhase section */
		D56EF5151F0C4B460011E83D /* Sources */ = {
			isa = PBXSourcesBuildPhase;
			buildActionMask = 2147483647;
			files = (
				D50B12251F1141B4006B2FCE /* FloatingPoint+Round.swift in Sources */,
				D56EF5321F0C5CA60011E83D /* NamesDT.mlmodel in Sources */,
				D56EF51F1F0C4B460011E83D /* ViewController.swift in Sources */,
				D50B12231F0FEC00006B2FCE /* ClassificationResult.swift in Sources */,
				D56EF51D1F0C4B460011E83D /* AppDelegate.swift in Sources */,
				D50B12211F0FEB48006B2FCE /* ClassificationService.swift in Sources */,
			);
			runOnlyForDeploymentPostprocessing = 0;
		};
/* End PBXSourcesBuildPhase section */

/* Begin XCBuildConfiguration section */
		D56EF5291F0C4B460011E83D /* Debug */ = {
			isa = XCBuildConfiguration;
			buildSettings = {
				ALWAYS_SEARCH_USER_PATHS = NO;
				CLANG_ANALYZER_NONNULL = YES;
				CLANG_ANALYZER_NUMBER_OBJECT_CONVERSION = YES_AGGRESSIVE;
				CLANG_CXX_LANGUAGE_STANDARD = "gnu++14";
				CLANG_CXX_LIBRARY = "libc++";
				CLANG_ENABLE_MODULES = YES;
				CLANG_ENABLE_OBJC_ARC = YES;
				CLANG_WARN_BLOCK_CAPTURE_AUTORELEASING = YES;
				CLANG_WARN_BOOL_CONVERSION = YES;
				CLANG_WARN_COMMA = YES;
				CLANG_WARN_CONSTANT_CONVERSION = YES;
				CLANG_WARN_DIRECT_OBJC_ISA_USAGE = YES_ERROR;
				CLANG_WARN_DOCUMENTATION_COMMENTS = YES;
				CLANG_WARN_EMPTY_BODY = YES;
				CLANG_WARN_ENUM_CONVERSION = YES;
				CLANG_WARN_INFINITE_RECURSION = YES;
				CLANG_WARN_INT_CONVERSION = YES;
				CLANG_WARN_NON_LITERAL_NULL_CONVERSION = YES;
				CLANG_WARN_OBJC_LITERAL_CONVERSION = YES;
				CLANG_WARN_OBJC_ROOT_CLASS = YES_ERROR;
				CLANG_WARN_RANGE_LOOP_ANALYSIS = YES;
				CLANG_WARN_STRICT_PROTOTYPES = YES;
				CLANG_WARN_SUSPICIOUS_MOVE = YES;
				CLANG_WARN_UNGUARDED_AVAILABILITY = YES_AGGRESSIVE;
				CLANG_WARN_UNREACHABLE_CODE = YES;
				CLANG_WARN__DUPLICATE_METHOD_MATCH = YES;
				CODE_SIGN_IDENTITY = "iPhone Developer";
				COPY_PHASE_STRIP = NO;
				DEBUG_INFORMATION_FORMAT = dwarf;
				ENABLE_STRICT_OBJC_MSGSEND = YES;
				ENABLE_TESTABILITY = YES;
				GCC_C_LANGUAGE_STANDARD = gnu11;
				GCC_DYNAMIC_NO_PIC = NO;
				GCC_NO_COMMON_BLOCKS = YES;
				GCC_OPTIMIZATION_LEVEL = 0;
				GCC_PREPROCESSOR_DEFINITIONS = (
					"DEBUG=1",
					"$(inherited)",
				);
				GCC_WARN_64_TO_32_BIT_CONVERSION = YES;
				GCC_WARN_ABOUT_RETURN_TYPE = YES_ERROR;
				GCC_WARN_UNDECLARED_SELECTOR = YES;
				GCC_WARN_UNINITIALIZED_AUTOS = YES_AGGRESSIVE;
				GCC_WARN_UNUSED_FUNCTION = YES;
				GCC_WARN_UNUSED_VARIABLE = YES;
				IPHONEOS_DEPLOYMENT_TARGET = 11.0;
				MTL_ENABLE_DEBUG_INFO = YES;
				ONLY_ACTIVE_ARCH = YES;
				SDKROOT = iphoneos;
				SWIFT_ACTIVE_COMPILATION_CONDITIONS = DEBUG;
				SWIFT_OPTIMIZATION_LEVEL = "-Onone";
			};
			name = Debug;
		};
		D56EF52A1F0C4B460011E83D /* Release */ = {
			isa = XCBuildConfiguration;
			buildSettings = {
				ALWAYS_SEARCH_USER_PATHS = NO;
				CLANG_ANALYZER_NONNULL = YES;
				CLANG_ANALYZER_NUMBER_OBJECT_CONVERSION = YES_AGGRESSIVE;
				CLANG_CXX_LANGUAGE_STANDARD = "gnu++14";
				CLANG_CXX_LIBRARY = "libc++";
				CLANG_ENABLE_MODULES = YES;
				CLANG_ENABLE_OBJC_ARC = YES;
				CLANG_WARN_BLOCK_CAPTURE_AUTORELEASING = YES;
				CLANG_WARN_BOOL_CONVERSION = YES;
				CLANG_WARN_COMMA = YES;
				CLANG_WARN_CONSTANT_CONVERSION = YES;
				CLANG_WARN_DIRECT_OBJC_ISA_USAGE = YES_ERROR;
				CLANG_WARN_DOCUMENTATION_COMMENTS = YES;
				CLANG_WARN_EMPTY_BODY = YES;
				CLANG_WARN_ENUM_CONVERSION = YES;
				CLANG_WARN_INFINITE_RECURSION = YES;
				CLANG_WARN_INT_CONVERSION = YES;
				CLANG_WARN_NON_LITERAL_NULL_CONVERSION = YES;
				CLANG_WARN_OBJC_LITERAL_CONVERSION = YES;
				CLANG_WARN_OBJC_ROOT_CLASS = YES_ERROR;
				CLANG_WARN_RANGE_LOOP_ANALYSIS = YES;
				CLANG_WARN_STRICT_PROTOTYPES = YES;
				CLANG_WARN_SUSPICIOUS_MOVE = YES;
				CLANG_WARN_UNGUARDED_AVAILABILITY = YES_AGGRESSIVE;
				CLANG_WARN_UNREACHABLE_CODE = YES;
				CLANG_WARN__DUPLICATE_METHOD_MATCH = YES;
				CODE_SIGN_IDENTITY = "iPhone Developer";
				COPY_PHASE_STRIP = NO;
				DEBUG_INFORMATION_FORMAT = "dwarf-with-dsym";
				ENABLE_NS_ASSERTIONS = NO;
				ENABLE_STRICT_OBJC_MSGSEND = YES;
				GCC_C_LANGUAGE_STANDARD = gnu11;
				GCC_NO_COMMON_BLOCKS = YES;
				GCC_WARN_64_TO_32_BIT_CONVERSION = YES;
				GCC_WARN_ABOUT_RETURN_TYPE = YES_ERROR;
				GCC_WARN_UNDECLARED_SELECTOR = YES;
				GCC_WARN_UNINITIALIZED_AUTOS = YES_AGGRESSIVE;
				GCC_WARN_UNUSED_FUNCTION = YES;
				GCC_WARN_UNUSED_VARIABLE = YES;
				IPHONEOS_DEPLOYMENT_TARGET = 11.0;
				MTL_ENABLE_DEBUG_INFO = NO;
				SDKROOT = iphoneos;
				SWIFT_OPTIMIZATION_LEVEL = "-Owholemodule";
				VALIDATE_PRODUCT = YES;
			};
			name = Release;
		};
		D56EF52C1F0C4B460011E83D /* Debug */ = {
			isa = XCBuildConfiguration;
			buildSettings = {
				ASSETCATALOG_COMPILER_APPICON_NAME = AppIcon;
				INFOPLIST_FILE = Names/Resources/Info.plist;
				LD_RUNPATH_SEARCH_PATHS = "$(inherited) @executable_path/Frameworks";
				PRODUCT_BUNDLE_IDENTIFIER = codes.cocoaml.Names;
				PRODUCT_NAME = "$(TARGET_NAME)";
				SWIFT_VERSION = 4.0;
				TARGETED_DEVICE_FAMILY = "1,2";
			};
			name = Debug;
		};
		D56EF52D1F0C4B460011E83D /* Release */ = {
			isa = XCBuildConfiguration;
			buildSettings = {
				ASSETCATALOG_COMPILER_APPICON_NAME = AppIcon;
				INFOPLIST_FILE = Names/Resources/Info.plist;
				LD_RUNPATH_SEARCH_PATHS = "$(inherited) @executable_path/Frameworks";
				PRODUCT_BUNDLE_IDENTIFIER = codes.cocoaml.Names;
				PRODUCT_NAME = "$(TARGET_NAME)";
				SWIFT_VERSION = 4.0;
				TARGETED_DEVICE_FAMILY = "1,2";
			};
			name = Release;
		};
/* End XCBuildConfiguration section */

/* Begin XCConfigurationList section */
		D56EF5141F0C4B460011E83D /* Build configuration list for PBXProject "Names" */ = {
			isa = XCConfigurationList;
			buildConfigurations = (
				D56EF5291F0C4B460011E83D /* Debug */,
				D56EF52A1F0C4B460011E83D /* Release */,
			);
			defaultConfigurationIsVisible = 0;
			defaultConfigurationName = Release;
		};
		D56EF52B1F0C4B460011E83D /* Build configuration list for PBXNativeTarget "Names" */ = {
			isa = XCConfigurationList;
			buildConfigurations = (
				D56EF52C1F0C4B460011E83D /* Debug */,
				D56EF52D1F0C4B460011E83D /* Release */,
			);
			defaultConfigurationIsVisible = 0;
			defaultConfigurationName = Release;
		};
/* End XCConfigurationList section */
	};
	rootObject = D56EF5111F0C4B460011E83D /* Project object */;
}
